// !$*UTF8*$!
{
	archiveVersion = 1;
	classes = {
	};
	objectVersion = 46;
	objects = {

/* Begin PBXBuildFile section */
		97AF21B01D9772F800E25DA1 /* main.m in Sources */ = {isa = PBXBuildFile; fileRef = 97AF21AF1D9772F800E25DA1 /* main.m */; };
		97AF21B31D9772F800E25DA1 /* AppDelegate.m in Sources */ = {isa = PBXBuildFile; fileRef = 97AF21B21D9772F800E25DA1 /* AppDelegate.m */; };
		97AF21B61D9772F800E25DA1 /* ViewController.m in Sources */ = {isa = PBXBuildFile; fileRef = 97AF21B51D9772F800E25DA1 /* ViewController.m */; };
		97AF21B91D9772F800E25DA1 /* Main.storyboard in Resources */ = {isa = PBXBuildFile; fileRef = 97AF21B71D9772F800E25DA1 /* Main.storyboard */; };
		97AF21BB1D9772F800E25DA1 /* Assets.xcassets in Resources */ = {isa = PBXBuildFile; fileRef = 97AF21BA1D9772F800E25DA1 /* Assets.xcassets */; };
		97AF21BE1D9772F800E25DA1 /* LaunchScreen.storyboard in Resources */ = {isa = PBXBuildFile; fileRef = 97AF21BC1D9772F800E25DA1 /* LaunchScreen.storyboard */; };
		97AF21C91D9772F800E25DA1 /* SleepTests.m in Sources */ = {isa = PBXBuildFile; fileRef = 97AF21C81D9772F800E25DA1 /* SleepTests.m */; };
		97AF21D41D9772F800E25DA1 /* SleepUITests.m in Sources */ = {isa = PBXBuildFile; fileRef = 97AF21D31D9772F800E25DA1 /* SleepUITests.m */; };
		97AF21E31D978D5A00E25DA1 /* MainViewController.m in Sources */ = {isa = PBXBuildFile; fileRef = 97AF21E21D978D5A00E25DA1 /* MainViewController.m */; };
/* End PBXBuildFile section */

/* Begin PBXContainerItemProxy section */
		97AF21C51D9772F800E25DA1 /* PBXContainerItemProxy */ = {
			isa = PBXContainerItemProxy;
			containerPortal = 97AF21A31D9772F800E25DA1 /* Project object */;
			proxyType = 1;
			remoteGlobalIDString = 97AF21AA1D9772F800E25DA1;
			remoteInfo = Sleep;
		};
		97AF21D01D9772F800E25DA1 /* PBXContainerItemProxy */ = {
			isa = PBXContainerItemProxy;
			containerPortal = 97AF21A31D9772F800E25DA1 /* Project object */;
			proxyType = 1;
			remoteGlobalIDString = 97AF21AA1D9772F800E25DA1;
			remoteInfo = Sleep;
		};
/* End PBXContainerItemProxy section */

/* Begin PBXFileReference section */
		97AF21AB1D9772F800E25DA1 /* Sleep.app */ = {isa = PBXFileReference; explicitFileType = wrapper.application; includeInIndex = 0; path = Sleep.app; sourceTree = BUILT_PRODUCTS_DIR; };
		97AF21AF1D9772F800E25DA1 /* main.m */ = {isa = PBXFileReference; lastKnownFileType = sourcecode.c.objc; path = main.m; sourceTree = "<group>"; };
		97AF21B11D9772F800E25DA1 /* AppDelegate.h */ = {isa = PBXFileReference; lastKnownFileType = sourcecode.c.h; path = AppDelegate.h; sourceTree = "<group>"; };
		97AF21B21D9772F800E25DA1 /* AppDelegate.m */ = {isa = PBXFileReference; lastKnownFileType = sourcecode.c.objc; path = AppDelegate.m; sourceTree = "<group>"; };
		97AF21B41D9772F800E25DA1 /* ViewController.h */ = {isa = PBXFileReference; lastKnownFileType = sourcecode.c.h; path = ViewController.h; sourceTree = "<group>"; };
		97AF21B51D9772F800E25DA1 /* ViewController.m */ = {isa = PBXFileReference; lastKnownFileType = sourcecode.c.objc; path = ViewController.m; sourceTree = "<group>"; };
		97AF21B81D9772F800E25DA1 /* Base */ = {isa = PBXFileReference; lastKnownFileType = file.storyboard; name = Base; path = Base.lproj/Main.storyboard; sourceTree = "<group>"; };
		97AF21BA1D9772F800E25DA1 /* Assets.xcassets */ = {isa = PBXFileReference; lastKnownFileType = folder.assetcatalog; path = Assets.xcassets; sourceTree = "<group>"; };
		97AF21BD1D9772F800E25DA1 /* Base */ = {isa = PBXFileReference; lastKnownFileType = file.storyboard; name = Base; path = Base.lproj/LaunchScreen.storyboard; sourceTree = "<group>"; };
		97AF21BF1D9772F800E25DA1 /* Info.plist */ = {isa = PBXFileReference; lastKnownFileType = text.plist.xml; path = Info.plist; sourceTree = "<group>"; };
		97AF21C41D9772F800E25DA1 /* SleepTests.xctest */ = {isa = PBXFileReference; explicitFileType = wrapper.cfbundle; includeInIndex = 0; path = SleepTests.xctest; sourceTree = BUILT_PRODUCTS_DIR; };
		97AF21C81D9772F800E25DA1 /* SleepTests.m */ = {isa = PBXFileReference; lastKnownFileType = sourcecode.c.objc; path = SleepTests.m; sourceTree = "<group>"; };
		97AF21CA1D9772F800E25DA1 /* Info.plist */ = {isa = PBXFileReference; lastKnownFileType = text.plist.xml; path = Info.plist; sourceTree = "<group>"; };
		97AF21CF1D9772F800E25DA1 /* SleepUITests.xctest */ = {isa = PBXFileReference; explicitFileType = wrapper.cfbundle; includeInIndex = 0; path = SleepUITests.xctest; sourceTree = BUILT_PRODUCTS_DIR; };
		97AF21D31D9772F800E25DA1 /* SleepUITests.m */ = {isa = PBXFileReference; lastKnownFileType = sourcecode.c.objc; path = SleepUITests.m; sourceTree = "<group>"; };
		97AF21D51D9772F800E25DA1 /* Info.plist */ = {isa = PBXFileReference; lastKnownFileType = text.plist.xml; path = Info.plist; sourceTree = "<group>"; };
		97AF21E11D978D5A00E25DA1 /* MainViewController.h */ = {isa = PBXFileReference; fileEncoding = 4; lastKnownFileType = sourcecode.c.h; path = MainViewController.h; sourceTree = "<group>"; };
		97AF21E21D978D5A00E25DA1 /* MainViewController.m */ = {isa = PBXFileReference; fileEncoding = 4; lastKnownFileType = sourcecode.c.objc; path = MainViewController.m; sourceTree = "<group>"; };
/* End PBXFileReference section */

/* Begin PBXFrameworksBuildPhase section */
		97AF21A81D9772F800E25DA1 /* Frameworks */ = {
			isa = PBXFrameworksBuildPhase;
			buildActionMask = 2147483647;
			files = (
			);
			runOnlyForDeploymentPostprocessing = 0;
		};
		97AF21C11D9772F800E25DA1 /* Frameworks */ = {
			isa = PBXFrameworksBuildPhase;
			buildActionMask = 2147483647;
			files = (
			);
			runOnlyForDeploymentPostprocessing = 0;
		};
		97AF21CC1D9772F800E25DA1 /* Frameworks */ = {
			isa = PBXFrameworksBuildPhase;
			buildActionMask = 2147483647;
			files = (
			);
			runOnlyForDeploymentPostprocessing = 0;
		};
/* End PBXFrameworksBuildPhase section */

/* Begin PBXGroup section */
		97AF21A21D9772F800E25DA1 = {
			isa = PBXGroup;
			children = (
				97AF21AD1D9772F800E25DA1 /* Sleep */,
				97AF21C71D9772F800E25DA1 /* SleepTests */,
				97AF21D21D9772F800E25DA1 /* SleepUITests */,
				97AF21AC1D9772F800E25DA1 /* Products */,
			);
			sourceTree = "<group>";
		};
		97AF21AC1D9772F800E25DA1 /* Products */ = {
			isa = PBXGroup;
			children = (
				97AF21AB1D9772F800E25DA1 /* Sleep.app */,
				97AF21C41D9772F800E25DA1 /* SleepTests.xctest */,
				97AF21CF1D9772F800E25DA1 /* SleepUITests.xctest */,
			);
			name = Products;
			sourceTree = "<group>";
		};
		97AF21AD1D9772F800E25DA1 /* Sleep */ = {
			isa = PBXGroup;
			children = (
				97AF21B11D9772F800E25DA1 /* AppDelegate.h */,
				97AF21B21D9772F800E25DA1 /* AppDelegate.m */,
				97AF21B41D9772F800E25DA1 /* ViewController.h */,
				97AF21B51D9772F800E25DA1 /* ViewController.m */,
				97AF21E11D978D5A00E25DA1 /* MainViewController.h */,
				97AF21E21D978D5A00E25DA1 /* MainViewController.m */,
				97AF21B71D9772F800E25DA1 /* Main.storyboard */,
				97AF21BA1D9772F800E25DA1 /* Assets.xcassets */,
				97AF21BC1D9772F800E25DA1 /* LaunchScreen.storyboard */,
				97AF21BF1D9772F800E25DA1 /* Info.plist */,
				97AF21AE1D9772F800E25DA1 /* Supporting Files */,
			);
			path = Sleep;
			sourceTree = "<group>";
		};
		97AF21AE1D9772F800E25DA1 /* Supporting Files */ = {
			isa = PBXGroup;
			children = (
				97AF21AF1D9772F800E25DA1 /* main.m */,
			);
			name = "Supporting Files";
			sourceTree = "<group>";
		};
		97AF21C71D9772F800E25DA1 /* SleepTests */ = {
			isa = PBXGroup;
			children = (
				97AF21C81D9772F800E25DA1 /* SleepTests.m */,
				97AF21CA1D9772F800E25DA1 /* Info.plist */,
			);
			path = SleepTests;
			sourceTree = "<group>";
		};
		97AF21D21D9772F800E25DA1 /* SleepUITests */ = {
			isa = PBXGroup;
			children = (
				97AF21D31D9772F800E25DA1 /* SleepUITests.m */,
				97AF21D51D9772F800E25DA1 /* Info.plist */,
			);
			path = SleepUITests;
			sourceTree = "<group>";
		};
/* End PBXGroup section */

/* Begin PBXNativeTarget section */
		97AF21AA1D9772F800E25DA1 /* Sleep */ = {
			isa = PBXNativeTarget;
			buildConfigurationList = 97AF21D81D9772F900E25DA1 /* Build configuration list for PBXNativeTarget "Sleep" */;
			buildPhases = (
				97AF21A71D9772F800E25DA1 /* Sources */,
				97AF21A81D9772F800E25DA1 /* Frameworks */,
				97AF21A91D9772F800E25DA1 /* Resources */,
			);
			buildRules = (
			);
			dependencies = (
			);
			name = Sleep;
			productName = Sleep;
			productReference = 97AF21AB1D9772F800E25DA1 /* Sleep.app */;
			productType = "com.apple.product-type.application";
		};
		97AF21C31D9772F800E25DA1 /* SleepTests */ = {
			isa = PBXNativeTarget;
			buildConfigurationList = 97AF21DB1D9772F900E25DA1 /* Build configuration list for PBXNativeTarget "SleepTests" */;
			buildPhases = (
				97AF21C01D9772F800E25DA1 /* Sources */,
				97AF21C11D9772F800E25DA1 /* Frameworks */,
				97AF21C21D9772F800E25DA1 /* Resources */,
			);
			buildRules = (
			);
			dependencies = (
				97AF21C61D9772F800E25DA1 /* PBXTargetDependency */,
			);
			name = SleepTests;
			productName = SleepTests;
			productReference = 97AF21C41D9772F800E25DA1 /* SleepTests.xctest */;
			productType = "com.apple.product-type.bundle.unit-test";
		};
		97AF21CE1D9772F800E25DA1 /* SleepUITests */ = {
			isa = PBXNativeTarget;
			buildConfigurationList = 97AF21DE1D9772F900E25DA1 /* Build configuration list for PBXNativeTarget "SleepUITests" */;
			buildPhases = (
				97AF21CB1D9772F800E25DA1 /* Sources */,
				97AF21CC1D9772F800E25DA1 /* Frameworks */,
				97AF21CD1D9772F800E25DA1 /* Resources */,
			);
			buildRules = (
			);
			dependencies = (
				97AF21D11D9772F800E25DA1 /* PBXTargetDependency */,
			);
			name = SleepUITests;
			productName = SleepUITests;
			productReference = 97AF21CF1D9772F800E25DA1 /* SleepUITests.xctest */;
			productType = "com.apple.product-type.bundle.ui-testing";
		};
/* End PBXNativeTarget section */

/* Begin PBXProject section */
		97AF21A31D9772F800E25DA1 /* Project object */ = {
			isa = PBXProject;
			attributes = {
				LastUpgradeCheck = 0730;
				ORGANIZATIONNAME = Anne;
				TargetAttributes = {
					97AF21AA1D9772F800E25DA1 = {
						CreatedOnToolsVersion = 7.3.1;
					};
					97AF21C31D9772F800E25DA1 = {
						CreatedOnToolsVersion = 7.3.1;
						TestTargetID = 97AF21AA1D9772F800E25DA1;
					};
					97AF21CE1D9772F800E25DA1 = {
						CreatedOnToolsVersion = 7.3.1;
						TestTargetID = 97AF21AA1D9772F800E25DA1;
					};
				};
			};
			buildConfigurationList = 97AF21A61D9772F800E25DA1 /* Build configuration list for PBXProject "Sleep" */;
			compatibilityVersion = "Xcode 3.2";
			developmentRegion = English;
			hasScannedForEncodings = 0;
			knownRegions = (
				en,
				Base,
			);
			mainGroup = 97AF21A21D9772F800E25DA1;
			productRefGroup = 97AF21AC1D9772F800E25DA1 /* Products */;
			projectDirPath = "";
			projectRoot = "";
			targets = (
				97AF21AA1D9772F800E25DA1 /* Sleep */,
				97AF21C31D9772F800E25DA1 /* SleepTests */,
				97AF21CE1D9772F800E25DA1 /* SleepUITests */,
			);
		};
/* End PBXProject section */

/* Begin PBXResourcesBuildPhase section */
		97AF21A91D9772F800E25DA1 /* Resources */ = {
			isa = PBXResourcesBuildPhase;
			buildActionMask = 2147483647;
			files = (
				97AF21BE1D9772F800E25DA1 /* LaunchScreen.storyboard in Resources */,
				97AF21BB1D9772F800E25DA1 /* Assets.xcassets in Resources */,
				97AF21B91D9772F800E25DA1 /* Main.storyboard in Resources */,
			);
			runOnlyForDeploymentPostprocessing = 0;
		};
		97AF21C21D9772F800E25DA1 /* Resources */ = {
			isa = PBXResourcesBuildPhase;
			buildActionMask = 2147483647;
			files = (
			);
			runOnlyForDeploymentPostprocessing = 0;
		};
		97AF21CD1D9772F800E25DA1 /* Resources */ = {
			isa = PBXResourcesBuildPhase;
			buildActionMask = 2147483647;
			files = (
			);
			runOnlyForDeploymentPostprocessing = 0;
		};
/* End PBXResourcesBuildPhase section */

/* Begin PBXSourcesBuildPhase section */
		97AF21A71D9772F800E25DA1 /* Sources */ = {
			isa = PBXSourcesBuildPhase;
			buildActionMask = 2147483647;
			files = (
				97AF21B61D9772F800E25DA1 /* ViewController.m in Sources */,
				97AF21B31D9772F800E25DA1 /* AppDelegate.m in Sources */,
				97AF21B01D9772F800E25DA1 /* main.m in Sources */,
				97AF21E31D978D5A00E25DA1 /* MainViewController.m in Sources */,
			);
			runOnlyForDeploymentPostprocessing = 0;
		};
		97AF21C01D9772F800E25DA1 /* Sources */ = {
			isa = PBXSourcesBuildPhase;
			buildActionMask = 2147483647;
			files = (
				97AF21C91D9772F800E25DA1 /* SleepTests.m in Sources */,
			);
			runOnlyForDeploymentPostprocessing = 0;
		};
		97AF21CB1D9772F800E25DA1 /* Sources */ = {
			isa = PBXSourcesBuildPhase;
			buildActionMask = 2147483647;
			files = (
				97AF21D41D9772F800E25DA1 /* SleepUITests.m in Sources */,
			);
			runOnlyForDeploymentPostprocessing = 0;
		};
/* End PBXSourcesBuildPhase section */

/* Begin PBXTargetDependency section */
		97AF21C61D9772F800E25DA1 /* PBXTargetDependency */ = {
			isa = PBXTargetDependency;
			target = 97AF21AA1D9772F800E25DA1 /* Sleep */;
			targetProxy = 97AF21C51D9772F800E25DA1 /* PBXContainerItemProxy */;
		};
		97AF21D11D9772F800E25DA1 /* PBXTargetDependency */ = {
			isa = PBXTargetDependency;
			target = 97AF21AA1D9772F800E25DA1 /* Sleep */;
			targetProxy = 97AF21D01D9772F800E25DA1 /* PBXContainerItemProxy */;
		};
/* End PBXTargetDependency section */

/* Begin PBXVariantGroup section */
		97AF21B71D9772F800E25DA1 /* Main.storyboard */ = {
			isa = PBXVariantGroup;
			children = (
				97AF21B81D9772F800E25DA1 /* Base */,
			);
			name = Main.storyboard;
			sourceTree = "<group>";
		};
		97AF21BC1D9772F800E25DA1 /* LaunchScreen.storyboard */ = {
			isa = PBXVariantGroup;
			children = (
				97AF21BD1D9772F800E25DA1 /* Base */,
			);
			name = LaunchScreen.storyboard;
			sourceTree = "<group>";
		};
/* End PBXVariantGroup section */

/* Begin XCBuildConfiguration section */
		97AF21D61D9772F800E25DA1 /* Debug */ = {
			isa = XCBuildConfiguration;
			buildSettings = {
				ALWAYS_SEARCH_USER_PATHS = NO;
				CLANG_ANALYZER_NONNULL = YES;
				CLANG_CXX_LANGUAGE_STANDARD = "gnu++0x";
				CLANG_CXX_LIBRARY = "libc++";
				CLANG_ENABLE_MODULES = YES;
				CLANG_ENABLE_OBJC_ARC = YES;
				CLANG_WARN_BOOL_CONVERSION = YES;
				CLANG_WARN_CONSTANT_CONVERSION = YES;
				CLANG_WARN_DIRECT_OBJC_ISA_USAGE = YES_ERROR;
				CLANG_WARN_EMPTY_BODY = YES;
				CLANG_WARN_ENUM_CONVERSION = YES;
				CLANG_WARN_INT_CONVERSION = YES;
				CLANG_WARN_OBJC_ROOT_CLASS = YES_ERROR;
				CLANG_WARN_UNREACHABLE_CODE = YES;
				CLANG_WARN__DUPLICATE_METHOD_MATCH = YES;
				"CODE_SIGN_IDENTITY[sdk=iphoneos*]" = "iPhone Developer";
				COPY_PHASE_STRIP = NO;
				DEBUG_INFORMATION_FORMAT = dwarf;
				ENABLE_STRICT_OBJC_MSGSEND = YES;
				ENABLE_TESTABILITY = YES;
				GCC_C_LANGUAGE_STANDARD = gnu99;
				GCC_DYNAMIC_NO_PIC = NO;
				GCC_NO_COMMON_BLOCKS = YES;
				GCC_OPTIMIZATION_LEVEL = 0;
				GCC_PREPROCESSOR_DEFINITIONS = (
					"DEBUG=1",
					"$(inherited)",
				);
				GCC_WARN_64_TO_32_BIT_CONVERSION = YES;
				GCC_WARN_ABOUT_RETURN_TYPE = YES_ERROR;
				GCC_WARN_UNDECLARED_SELECTOR = YES;
				GCC_WARN_UNINITIALIZED_AUTOS = YES_AGGRESSIVE;
				GCC_WARN_UNUSED_FUNCTION = YES;
				GCC_WARN_UNUSED_VARIABLE = YES;
				IPHONEOS_DEPLOYMENT_TARGET = 9.3;
				MTL_ENABLE_DEBUG_INFO = YES;
				ONLY_ACTIVE_ARCH = YES;
				SDKROOT = iphoneos;
			};
			name = Debug;
		};
		97AF21D71D9772F800E25DA1 /* Release */ = {
			isa = XCBuildConfiguration;
			buildSettings = {
				ALWAYS_SEARCH_USER_PATHS = NO;
				CLANG_ANALYZER_NONNULL = YES;
				CLANG_CXX_LANGUAGE_STANDARD = "gnu++0x";
				CLANG_CXX_LIBRARY = "libc++";
				CLANG_ENABLE_MODULES = YES;
				CLANG_ENABLE_OBJC_ARC = YES;
				CLANG_WARN_BOOL_CONVERSION = YES;
				CLANG_WARN_CONSTANT_CONVERSION = YES;
				CLANG_WARN_DIRECT_OBJC_ISA_USAGE = YES_ERROR;
				CLANG_WARN_EMPTY_BODY = YES;
				CLANG_WARN_ENUM_CONVERSION = YES;
				CLANG_WARN_INT_CONVERSION = YES;
				CLANG_WARN_OBJC_ROOT_CLASS = YES_ERROR;
				CLANG_WARN_UNREACHABLE_CODE = YES;
				CLANG_WARN__DUPLICATE_METHOD_MATCH = YES;
				"CODE_SIGN_IDENTITY[sdk=iphoneos*]" = "iPhone Developer";
				COPY_PHASE_STRIP = NO;
				DEBUG_INFORMATION_FORMAT = "dwarf-with-dsym";
				ENABLE_NS_ASSERTIONS = NO;
				ENABLE_STRICT_OBJC_MSGSEND = YES;
				GCC_C_LANGUAGE_STANDARD = gnu99;
				GCC_NO_COMMON_BLOCKS = YES;
				GCC_WARN_64_TO_32_BIT_CONVERSION = YES;
				GCC_WARN_ABOUT_RETURN_TYPE = YES_ERROR;
				GCC_WARN_UNDECLARED_SELECTOR = YES;
				GCC_WARN_UNINITIALIZED_AUTOS = YES_AGGRESSIVE;
				GCC_WARN_UNUSED_FUNCTION = YES;
				GCC_WARN_UNUSED_VARIABLE = YES;
				IPHONEOS_DEPLOYMENT_TARGET = 9.3;
				MTL_ENABLE_DEBUG_INFO = NO;
				SDKROOT = iphoneos;
				VALIDATE_PRODUCT = YES;
			};
			name = Release;
		};
		97AF21D91D9772F900E25DA1 /* Debug */ = {
			isa = XCBuildConfiguration;
			buildSettings = {
				ASSETCATALOG_COMPILER_APPICON_NAME = AppIcon;
				INFOPLIST_FILE = Sleep/Info.plist;
				LD_RUNPATH_SEARCH_PATHS = "$(inherited) @executable_path/Frameworks";
				PRODUCT_BUNDLE_IDENTIFIER = com.anne.Sleep;
				PRODUCT_NAME = "$(TARGET_NAME)";
			};
			name = Debug;
		};
		97AF21DA1D9772F900E25DA1 /* Release */ = {
			isa = XCBuildConfiguration;
			buildSettings = {
				ASSETCATALOG_COMPILER_APPICON_NAME = AppIcon;
				INFOPLIST_FILE = Sleep/Info.plist;
				LD_RUNPATH_SEARCH_PATHS = "$(inherited) @executable_path/Frameworks";
				PRODUCT_BUNDLE_IDENTIFIER = com.anne.Sleep;
				PRODUCT_NAME = "$(TARGET_NAME)";
			};
			name = Release;
		};
		97AF21DC1D9772F900E25DA1 /* Debug */ = {
			isa = XCBuildConfiguration;
			buildSettings = {
				BUNDLE_LOADER = "$(TEST_HOST)";
				INFOPLIST_FILE = SleepTests/Info.plist;
				LD_RUNPATH_SEARCH_PATHS = "$(inherited) @executable_path/Frameworks @loader_path/Frameworks";
				PRODUCT_BUNDLE_IDENTIFIER = com.anne.SleepTests;
				PRODUCT_NAME = "$(TARGET_NAME)";
				TEST_HOST = "$(BUILT_PRODUCTS_DIR)/Sleep.app/Sleep";
			};
			name = Debug;
		};
		97AF21DD1D9772F900E25DA1 /* Release */ = {
			isa = XCBuildConfiguration;
			buildSettings = {
				BUNDLE_LOADER = "$(TEST_HOST)";
				INFOPLIST_FILE = SleepTests/Info.plist;
				LD_RUNPATH_SEARCH_PATHS = "$(inherited) @executable_path/Frameworks @loader_path/Frameworks";
				PRODUCT_BUNDLE_IDENTIFIER = com.anne.SleepTests;
				PRODUCT_NAME = "$(TARGET_NAME)";
				TEST_HOST = "$(BUILT_PRODUCTS_DIR)/Sleep.app/Sleep";
			};
			name = Release;
		};
		97AF21DF1D9772F900E25DA1 /* Debug */ = {
			isa = XCBuildConfiguration;
			buildSettings = {
				INFOPLIST_FILE = SleepUITests/Info.plist;
				LD_RUNPATH_SEARCH_PATHS = "$(inherited) @executable_path/Frameworks @loader_path/Frameworks";
				PRODUCT_BUNDLE_IDENTIFIER = com.anne.SleepUITests;
				PRODUCT_NAME = "$(TARGET_NAME)";
				TEST_TARGET_NAME = Sleep;
			};
			name = Debug;
		};
		97AF21E01D9772F900E25DA1 /* Release */ = {
			isa = XCBuildConfiguration;
			buildSettings = {
				INFOPLIST_FILE = SleepUITests/Info.plist;
				LD_RUNPATH_SEARCH_PATHS = "$(inherited) @executable_path/Frameworks @loader_path/Frameworks";
				PRODUCT_BUNDLE_IDENTIFIER = com.anne.SleepUITests;
				PRODUCT_NAME = "$(TARGET_NAME)";
				TEST_TARGET_NAME = Sleep;
			};
			name = Release;
		};
/* End XCBuildConfiguration section */

/* Begin XCConfigurationList section */
		97AF21A61D9772F800E25DA1 /* Build configuration list for PBXProject "Sleep" */ = {
			isa = XCConfigurationList;
			buildConfigurations = (
				97AF21D61D9772F800E25DA1 /* Debug */,
				97AF21D71D9772F800E25DA1 /* Release */,
			);
			defaultConfigurationIsVisible = 0;
			defaultConfigurationName = Release;
		};
		97AF21D81D9772F900E25DA1 /* Build configuration list for PBXNativeTarget "Sleep" */ = {
			isa = XCConfigurationList;
			buildConfigurations = (
				97AF21D91D9772F900E25DA1 /* Debug */,
				97AF21DA1D9772F900E25DA1 /* Release */,
			);
			defaultConfigurationIsVisible = 0;
			defaultConfigurationName = Release;
		};
		97AF21DB1D9772F900E25DA1 /* Build configuration list for PBXNativeTarget "SleepTests" */ = {
			isa = XCConfigurationList;
			buildConfigurations = (
				97AF21DC1D9772F900E25DA1 /* Debug */,
				97AF21DD1D9772F900E25DA1 /* Release */,
			);
			defaultConfigurationIsVisible = 0;
			defaultConfigurationName = Release;
		};
		97AF21DE1D9772F900E25DA1 /* Build configuration list for PBXNativeTarget "SleepUITests" */ = {
			isa = XCConfigurationList;
			buildConfigurations = (
				97AF21DF1D9772F900E25DA1 /* Debug */,
				97AF21E01D9772F900E25DA1 /* Release */,
			);
			defaultConfigurationIsVisible = 0;
			defaultConfigurationName = Release;
		};
/* End XCConfigurationList section */
	};
	rootObject = 97AF21A31D9772F800E25DA1 /* Project object */;
}
